
Microsoft Visual Studio Solution File, Format Version 12.00
# Visual Studio 14
VisualStudioVersion = 14.0.25420.1
MinimumVisualStudioVersion = 10.0.40219.1
Project("{FAE04EC0-301F-11D3-BF4B-00C04F79EFBC}") = "TramlineFive", "TramlineFive\TramlineFive.csproj", "{6B08DF56-A2E2-44A2-8862-D0550DEB4AC9}"
EndProject
Project("{FAE04EC0-301F-11D3-BF4B-00C04F79EFBC}") = "TramlineFive.Common", "TramlineFive.Common\TramlineFive.Common.csproj", "{10462496-11C5-4CF8-9F65-05F7F938DCBA}"
EndProject
Project("{FAE04EC0-301F-11D3-BF4B-00C04F79EFBC}") = "TramlineFive.DataAccess", "TramlineFive.DataAccess\TramlineFive.DataAccess.csproj", "{16082926-6AB9-46E0-9BE9-37B301AE9281}"
EndProject
Project("{FAE04EC0-301F-11D3-BF4B-00C04F79EFBC}") = "BackgroundTasks", "BackgroundTasks\BackgroundTasks.csproj", "{5331F49C-A6CA-44FA-AB1A-C6D67352B33D}"
EndProject
Global
	GlobalSection(SolutionConfigurationPlatforms) = preSolution
		Debug|Any CPU = Debug|Any CPU
		Debug|ARM = Debug|ARM
		Debug|x64 = Debug|x64
		Debug|x86 = Debug|x86
		Release|Any CPU = Release|Any CPU
		Release|ARM = Release|ARM
		Release|x64 = Release|x64
		Release|x86 = Release|x86
	EndGlobalSection
	GlobalSection(ProjectConfigurationPlatforms) = postSolution
		{6B08DF56-A2E2-44A2-8862-D0550DEB4AC9}.Debug|Any CPU.ActiveCfg = Debug|x86
		{6B08DF56-A2E2-44A2-8862-D0550DEB4AC9}.Debug|ARM.ActiveCfg = Debug|ARM
		{6B08DF56-A2E2-44A2-8862-D0550DEB4AC9}.Debug|ARM.Build.0 = Debug|ARM
		{6B08DF56-A2E2-44A2-8862-D0550DEB4AC9}.Debug|ARM.Deploy.0 = Debug|ARM
		{6B08DF56-A2E2-44A2-8862-D0550DEB4AC9}.Debug|x64.ActiveCfg = Debug|x64
		{6B08DF56-A2E2-44A2-8862-D0550DEB4AC9}.Debug|x64.Build.0 = Debug|x64
		{6B08DF56-A2E2-44A2-8862-D0550DEB4AC9}.Debug|x64.Deploy.0 = Debug|x64
		{6B08DF56-A2E2-44A2-8862-D0550DEB4AC9}.Debug|x86.ActiveCfg = Debug|x86
		{6B08DF56-A2E2-44A2-8862-D0550DEB4AC9}.Debug|x86.Build.0 = Debug|x86
		{6B08DF56-A2E2-44A2-8862-D0550DEB4AC9}.Debug|x86.Deploy.0 = Debug|x86
		{6B08DF56-A2E2-44A2-8862-D0550DEB4AC9}.Release|Any CPU.ActiveCfg = Release|x86
		{6B08DF56-A2E2-44A2-8862-D0550DEB4AC9}.Release|ARM.ActiveCfg = Release|ARM
		{6B08DF56-A2E2-44A2-8862-D0550DEB4AC9}.Release|ARM.Build.0 = Release|ARM
		{6B08DF56-A2E2-44A2-8862-D0550DEB4AC9}.Release|ARM.Deploy.0 = Release|ARM
		{6B08DF56-A2E2-44A2-8862-D0550DEB4AC9}.Release|x64.ActiveCfg = Release|x64
		{6B08DF56-A2E2-44A2-8862-D0550DEB4AC9}.Release|x64.Build.0 = Release|x64
		{6B08DF56-A2E2-44A2-8862-D0550DEB4AC9}.Release|x64.Deploy.0 = Release|x64
		{6B08DF56-A2E2-44A2-8862-D0550DEB4AC9}.Release|x86.ActiveCfg = Release|x86
		{6B08DF56-A2E2-44A2-8862-D0550DEB4AC9}.Release|x86.Build.0 = Release|x86
		{6B08DF56-A2E2-44A2-8862-D0550DEB4AC9}.Release|x86.Deploy.0 = Release|x86
		{10462496-11C5-4CF8-9F65-05F7F938DCBA}.Debug|Any CPU.ActiveCfg = Debug|Any CPU
		{10462496-11C5-4CF8-9F65-05F7F938DCBA}.Debug|Any CPU.Build.0 = Debug|Any CPU
		{10462496-11C5-4CF8-9F65-05F7F938DCBA}.Debug|ARM.ActiveCfg = Debug|ARM
		{10462496-11C5-4CF8-9F65-05F7F938DCBA}.Debug|ARM.Build.0 = Debug|ARM
		{10462496-11C5-4CF8-9F65-05F7F938DCBA}.Debug|x64.ActiveCfg = Debug|x64
		{10462496-11C5-4CF8-9F65-05F7F938DCBA}.Debug|x64.Build.0 = Debug|x64
		{10462496-11C5-4CF8-9F65-05F7F938DCBA}.Debug|x86.ActiveCfg = Debug|x86
		{10462496-11C5-4CF8-9F65-05F7F938DCBA}.Debug|x86.Build.0 = Debug|x86
		{10462496-11C5-4CF8-9F65-05F7F938DCBA}.Release|Any CPU.ActiveCfg = Release|Any CPU
		{10462496-11C5-4CF8-9F65-05F7F938DCBA}.Release|Any CPU.Build.0 = Release|Any CPU
		{10462496-11C5-4CF8-9F65-05F7F938DCBA}.Release|ARM.ActiveCfg = Release|ARM
		{10462496-11C5-4CF8-9F65-05F7F938DCBA}.Release|ARM.Build.0 = Release|ARM
		{10462496-11C5-4CF8-9F65-05F7F938DCBA}.Release|x64.ActiveCfg = Release|x64
		{10462496-11C5-4CF8-9F65-05F7F938DCBA}.Release|x64.Build.0 = Release|x64
		{10462496-11C5-4CF8-9F65-05F7F938DCBA}.Release|x86.ActiveCfg = Release|x86
		{10462496-11C5-4CF8-9F65-05F7F938DCBA}.Release|x86.Build.0 = Release|x86
		{16082926-6AB9-46E0-9BE9-37B301AE9281}.Debug|Any CPU.ActiveCfg = Debug|Any CPU
		{16082926-6AB9-46E0-9BE9-37B301AE9281}.Debug|Any CPU.Build.0 = Debug|Any CPU
		{16082926-6AB9-46E0-9BE9-37B301AE9281}.Debug|ARM.ActiveCfg = Debug|ARM
		{16082926-6AB9-46E0-9BE9-37B301AE9281}.Debug|ARM.Build.0 = Debug|ARM
		{16082926-6AB9-46E0-9BE9-37B301AE9281}.Debug|x64.ActiveCfg = Debug|x64
		{16082926-6AB9-46E0-9BE9-37B301AE9281}.Debug|x64.Build.0 = Debug|x64
		{16082926-6AB9-46E0-9BE9-37B301AE9281}.Debug|x86.ActiveCfg = Debug|x86
		{16082926-6AB9-46E0-9BE9-37B301AE9281}.Debug|x86.Build.0 = Debug|x86
		{16082926-6AB9-46E0-9BE9-37B301AE9281}.Release|Any CPU.ActiveCfg = Release|Any CPU
		{16082926-6AB9-46E0-9BE9-37B301AE9281}.Release|Any CPU.Build.0 = Release|Any CPU
		{16082926-6AB9-46E0-9BE9-37B301AE9281}.Release|ARM.ActiveCfg = Release|ARM
		{16082926-6AB9-46E0-9BE9-37B301AE9281}.Release|ARM.Build.0 = Release|ARM
		{16082926-6AB9-46E0-9BE9-37B301AE9281}.Release|x64.ActiveCfg = Release|x64
		{16082926-6AB9-46E0-9BE9-37B301AE9281}.Release|x64.Build.0 = Release|x64
		{16082926-6AB9-46E0-9BE9-37B301AE9281}.Release|x86.ActiveCfg = Release|x86
		{16082926-6AB9-46E0-9BE9-37B301AE9281}.Release|x86.Build.0 = Release|x86
		{5331F49C-A6CA-44FA-AB1A-C6D67352B33D}.Debug|Any CPU.ActiveCfg = Debug|Any CPU
		{5331F49C-A6CA-44FA-AB1A-C6D67352B33D}.Debug|Any CPU.Build.0 = Debug|Any CPU
		{5331F49C-A6CA-44FA-AB1A-C6D67352B33D}.Debug|ARM.ActiveCfg = Debug|ARM
		{5331F49C-A6CA-44FA-AB1A-C6D67352B33D}.Debug|ARM.Build.0 = Debug|ARM
		{5331F49C-A6CA-44FA-AB1A-C6D67352B33D}.Debug|x64.ActiveCfg = Debug|x64
		{5331F49C-A6CA-44FA-AB1A-C6D67352B33D}.Debug|x64.Build.0 = Debug|x64
		{5331F49C-A6CA-44FA-AB1A-C6D67352B33D}.Debug|x86.ActiveCfg = Debug|x86
		{5331F49C-A6CA-44FA-AB1A-C6D67352B33D}.Debug|x86.Build.0 = Debug|x86
		{5331F49C-A6CA-44FA-AB1A-C6D67352B33D}.Release|Any CPU.ActiveCfg = Release|Any CPU
		{5331F49C-A6CA-44FA-AB1A-C6D67352B33D}.Release|Any CPU.Build.0 = Release|Any CPU
		{5331F49C-A6CA-44FA-AB1A-C6D67352B33D}.Release|ARM.ActiveCfg = Release|ARM
		{5331F49C-A6CA-44FA-AB1A-C6D67352B33D}.Release|ARM.Build.0 = Release|ARM
		{5331F49C-A6CA-44FA-AB1A-C6D67352B33D}.Release|x64.ActiveCfg = Release|x64
		{5331F49C-A6CA-44FA-AB1A-C6D67352B33D}.Release|x64.Build.0 = Release|x64
		{5331F49C-A6CA-44FA-AB1A-C6D67352B33D}.Release|x86.ActiveCfg = Release|x86
		{5331F49C-A6CA-44FA-AB1A-C6D67352B33D}.Release|x86.Build.0 = Release|x86
	EndGlobalSection
	GlobalSection(SolutionProperties) = preSolution
		HideSolutionNode = FALSE
	EndGlobalSection
EndGlobal
